{
  "name": "dart-100",
  "version": "1.0.0",
  "lockfileVersion": 2,
  "requires": true,
  "packages": {
    "": {
      "name": "dart-100",
      "version": "1.0.0",
      "license": "ISC",
      "dependencies": {
        "change-file-case": "^2.0.1"
      }
    },
    "node_modules/change-file-case": {
      "version": "2.0.1",
      "resolved": "https://registry.npmjs.org/change-file-case/-/change-file-case-2.0.1.tgz",
      "integrity": "sha512-HKCqHes0660FHssW9C6ldqgFUGgY5S+Cwd5iVHBqyjox/sYOs/kf+45K4C9v8UPzccI2tJlfDcse3hUIWZQpVg=="
    }
  },
  "dependencies": {
    "change-file-case": {
      "version": "2.0.1",
      "resolved": "https://registry.npmjs.org/change-file-case/-/change-file-case-2.0.1.tgz",
      "integrity": "sha512-HKCqHes0660FHssW9C6ldqgFUGgY5S+Cwd5iVHBqyjox/sYOs/kf+45K4C9v8UPzccI2tJlfDcse3hUIWZQpVg=="
    }
  }
}
